#MicroXplorer Configuration settings - do not modify
ADC.AWD1LowThreshold=0
ADC.Channel-1\#ChannelRegularConversion=ADC_CHANNEL_2
ADC.Channel-2\#ChannelRegularConversion=ADC_CHANNEL_4
ADC.Channel-3\#ChannelRegularConversion=ADC_CHANNEL_5
ADC.Channel-4\#ChannelRegularConversion=ADC_CHANNEL_6
ADC.Channel-5\#ChannelRegularConversion=ADC_CHANNEL_7
ADC.Channel-6\#ChannelRegularConversion=ADC_CHANNEL_8
ADC.Channel-IN0=ADC_CHANNEL_0
ADC.Channel-IN2=ADC_CHANNEL_2
ADC.Channel-IN4=ADC_CHANNEL_4
ADC.Channel-IN5=ADC_CHANNEL_5
ADC.Channel-IN6=ADC_CHANNEL_6
ADC.Channel-IN7=ADC_CHANNEL_7
ADC.Channel-IN8=ADC_CHANNEL_8
ADC.ClockPrescaler=ADC_CLOCK_ASYNC_DIV1
ADC.ContinuousConvMode=DISABLE
ADC.DMAContinuousRequests=DISABLE
ADC.DataAlign=ADC_DATAALIGN_RIGHT
ADC.DiscontinuousConvMode=DISABLE
ADC.EOCSelection=ADC_EOC_SINGLE_CONV
ADC.EnableAnalogWatchDog=false
ADC.ExternalTrigConv=ADC_SOFTWARE_START
ADC.ExternalTrigConvEdge=ADC_EXTERNALTRIGCONVEDGE_NONE
ADC.IPParameters=Channel-IN0,Channel-IN2,Channel-IN4,Channel-IN5,Channel-IN6,Channel-IN7,Channel-IN8,ClockPrescaler,Resolution,DataAlign,ScanConvMode,ContinuousConvMode,DiscontinuousConvMode,DMAContinuousRequests,EOCSelection,Overrun,LowPowerAutoWait,LowPowerAutoPowerOff,SamplingTime,ExternalTrigConv,ExternalTrigConvEdge,EnableAnalogWatchDog,AWD1LowThreshold,master,NbrOfConversion,NbrOfConversionFlag,Rank-0\#ChannelRegularConversion,Rank-1\#ChannelRegularConversion,Channel-1\#ChannelRegularConversion,Rank-2\#ChannelRegularConversion,Channel-2\#ChannelRegularConversion,Rank-3\#ChannelRegularConversion,Channel-3\#ChannelRegularConversion,Rank-4\#ChannelRegularConversion,Channel-4\#ChannelRegularConversion,Rank-5\#ChannelRegularConversion,Channel-5\#ChannelRegularConversion,Rank-6\#ChannelRegularConversion,Channel-6\#ChannelRegularConversion
ADC.LowPowerAutoPowerOff=DISABLE
ADC.LowPowerAutoWait=DISABLE
ADC.NbrOfConversion=7
ADC.NbrOfConversionFlag=1
ADC.Overrun=ADC_OVR_DATA_PRESERVED
ADC.Rank-0\#ChannelRegularConversion=1
ADC.Rank-1\#ChannelRegularConversion=2
ADC.Rank-2\#ChannelRegularConversion=3
ADC.Rank-3\#ChannelRegularConversion=4
ADC.Rank-4\#ChannelRegularConversion=5
ADC.Rank-5\#ChannelRegularConversion=6
ADC.Rank-6\#ChannelRegularConversion=7
ADC.Resolution=ADC_RESOLUTION_12B
ADC.SamplingTime=ADC_SAMPLETIME_1CYCLE_5
ADC.ScanConvMode=ADC_SCAN_DIRECTION_FORWARD
ADC.master=1
CAD.formats=
CAD.pinconfig=
CAD.provider=
Dma.Request0=TIM3_CH4/UP
Dma.RequestsNb=1
Dma.TIM3_CH4/UP.0.Direction=DMA_MEMORY_TO_PERIPH
Dma.TIM3_CH4/UP.0.Instance=DMA1_Channel3
Dma.TIM3_CH4/UP.0.MemDataAlignment=DMA_MDATAALIGN_HALFWORD
Dma.TIM3_CH4/UP.0.MemInc=DMA_MINC_ENABLE
Dma.TIM3_CH4/UP.0.Mode=DMA_CIRCULAR
Dma.TIM3_CH4/UP.0.PeriphDataAlignment=DMA_PDATAALIGN_HALFWORD
Dma.TIM3_CH4/UP.0.PeriphInc=DMA_PINC_DISABLE
Dma.TIM3_CH4/UP.0.Priority=DMA_PRIORITY_LOW
Dma.TIM3_CH4/UP.0.RequestParameters=Instance,Direction,PeriphInc,MemInc,PeriphDataAlignment,MemDataAlignment,Mode,Priority
FATFS.IPParameters=_FS_READONLY,_FS_MINIMIZE,_USE_STRFUNC,_USE_FIND,_USE_MKFS,_USE_FASTSEEK,_USE_LABEL,_USE_FORWARD,_CODE_PAGE,_USE_LFN,_MAX_LFN,_LFN_UNICODE,_STRF_ENCODE,_FS_RPATH,_VOLUMES,_MAX_SS,_MIN_SS,_MULTI_PARTITION,_USE_TRIM,_FS_NOFSINFO,_FS_TINY,_FS_NORTC,_WORD_ACCESS,_FS_REENTRANT,_FS_TIMEOUT,_FS_LOCK
FATFS._CODE_PAGE=850
FATFS._FS_LOCK=2
FATFS._FS_MINIMIZE=0
FATFS._FS_NOFSINFO=0
FATFS._FS_NORTC=0
FATFS._FS_READONLY=0
FATFS._FS_REENTRANT=0
FATFS._FS_RPATH=0
FATFS._FS_TIMEOUT=1000
FATFS._FS_TINY=0
FATFS._LFN_UNICODE=0
FATFS._MAX_LFN=255
FATFS._MAX_SS=512
FATFS._MIN_SS=512
FATFS._MULTI_PARTITION=0
FATFS._STRF_ENCODE=3
FATFS._USE_FASTSEEK=1
FATFS._USE_FIND=0
FATFS._USE_FORWARD=0
FATFS._USE_LABEL=0
FATFS._USE_LFN=0
FATFS._USE_MKFS=1
FATFS._USE_STRFUNC=2
FATFS._USE_TRIM=0
FATFS._VOLUMES=1
FATFS._WORD_ACCESS=0
File.Version=6
GPIO.groupedBy=
I2C1.AddressingMode=I2C_ADDRESSINGMODE_7BIT
I2C1.Analog_Filter=I2C_ANALOGFILTER_ENABLE
I2C1.DualAddressMode=I2C_DUALADDRESS_DISABLE
I2C1.GeneralCallMode=I2C_GENERALCALL_DISABLE
I2C1.I2C_Coeff_DF=0
I2C1.I2C_Fall_Time=0
I2C1.I2C_Rise_Time=0
I2C1.IPParameters=Speed,I2C_Rise_Time,I2C_Fall_Time,I2C_Coeff_DF,Analog_Filter,NoStretchMode,GeneralCallMode,AddressingMode,DualAddressMode,OwnAddress
I2C1.NoStretchMode=I2C_NOSTRETCH_DISABLE
I2C1.OwnAddress=0
I2C1.Speed=100
KeepUserPlacement=false
Mcu.CPN=STM32F030CCT6
Mcu.Family=STM32F0
Mcu.IP0=ADC
Mcu.IP1=DMA
Mcu.IP10=TIM7
Mcu.IP11=USART1
Mcu.IP2=FATFS
Mcu.IP3=I2C1
Mcu.IP4=NVIC
Mcu.IP5=RCC
Mcu.IP6=SPI2
Mcu.IP7=SYS
Mcu.IP8=TIM3
Mcu.IP9=TIM6
Mcu.IPNb=12
Mcu.Name=STM32F030CCTx
Mcu.Package=LQFP48
Mcu.Pin0=PC13
Mcu.Pin1=PC14OSC32_IN
Mcu.Pin10=PA6
Mcu.Pin11=PA7
Mcu.Pin12=PB0
Mcu.Pin13=PB1
Mcu.Pin14=PB2
Mcu.Pin15=PB10
Mcu.Pin16=PB11
Mcu.Pin17=PB12
Mcu.Pin18=PB13
Mcu.Pin19=PB14
Mcu.Pin2=PC15OSC32_OUT
Mcu.Pin20=PB15
Mcu.Pin21=PA8
Mcu.Pin22=PA9
Mcu.Pin23=PA10
Mcu.Pin24=PA11
Mcu.Pin25=PA12
Mcu.Pin26=PA13
Mcu.Pin27=PA14
Mcu.Pin28=PA15
Mcu.Pin29=PB3
Mcu.Pin3=PF0-OSC_IN
Mcu.Pin30=PB4
Mcu.Pin31=PB5
Mcu.Pin32=PB6
Mcu.Pin33=PB7
Mcu.Pin34=PB8
Mcu.Pin35=PB9
Mcu.Pin36=VP_FATFS_VS_Generic
Mcu.Pin37=VP_SYS_VS_Systick
Mcu.Pin38=VP_TIM3_VS_ClockSourceINT
Mcu.Pin39=VP_TIM6_VS_ClockSourceINT
Mcu.Pin4=PF1-OSC_OUT
Mcu.Pin40=VP_TIM7_VS_ClockSourceINT
Mcu.Pin5=PA0
Mcu.Pin6=PA1
Mcu.Pin7=PA2
Mcu.Pin8=PA4
Mcu.Pin9=PA5
Mcu.PinsNb=41
Mcu.ThirdPartyNb=0
Mcu.UserConstants=
Mcu.UserName=STM32F030CCTx
MxCube.Version=6.11.0
MxDb.Version=DB.6.0.110
NVIC.ADC1_IRQn=true\:2\:0\:true\:false\:true\:true\:true\:true
NVIC.DMA1_Channel2_3_IRQn=true\:0\:0\:false\:false\:true\:false\:true\:true
NVIC.EXTI4_15_IRQn=true\:3\:0\:true\:false\:true\:true\:true\:true
NVIC.ForceEnableDMAVector=true
NVIC.HardFault_IRQn=true\:0\:0\:false\:false\:true\:false\:false\:false
NVIC.NonMaskableInt_IRQn=true\:0\:0\:false\:false\:true\:false\:false\:false
NVIC.PendSV_IRQn=true\:0\:0\:false\:false\:true\:false\:false\:false
NVIC.SVC_IRQn=true\:0\:0\:false\:false\:true\:false\:false\:true
NVIC.SysTick_IRQn=true\:3\:0\:false\:false\:true\:false\:true\:false
NVIC.TIM3_IRQn=true\:0\:0\:false\:false\:true\:true\:true\:true
NVIC.TIM6_IRQn=true\:1\:0\:true\:false\:true\:true\:true\:true
NVIC.TIM7_IRQn=true\:3\:0\:true\:false\:true\:true\:true\:true
PA0.GPIOParameters=GPIO_Label
PA0.GPIO_Label=HALL
PA0.Mode=IN0
PA0.Signal=ADC_IN0
PA1.Locked=true
PA1.Signal=GPIO_Output
PA10.GPIOParameters=GPIO_Label
PA10.GPIO_Label=COL1
PA10.Locked=true
PA10.Signal=GPIO_Output
PA11.GPIOParameters=GPIO_Label
PA11.GPIO_Label=COL2
PA11.Locked=true
PA11.Signal=GPIO_Output
PA12.GPIOParameters=GPIO_Label
PA12.GPIO_Label=COL3
PA12.Locked=true
PA12.Signal=GPIO_Output
PA13.Mode=Serial_Wire
PA13.Signal=SYS_SWDIO
PA14.Mode=Serial_Wire
PA14.Signal=SYS_SWCLK
PA15.GPIOParameters=GPIO_Speed,PinState,GPIO_Label
PA15.GPIO_Label=LED0
PA15.GPIO_Speed=GPIO_SPEED_FREQ_LOW
PA15.Locked=true
PA15.PinState=GPIO_PIN_RESET
PA15.Signal=GPIO_Output
PA2.GPIOParameters=GPIO_Label
PA2.GPIO_Label=VBATT_QTR
PA2.Locked=true
PA2.Mode=IN2
PA2.Signal=ADC_IN2
PA4.GPIOParameters=GPIO_Label
PA4.GPIO_Label=THERM1
PA4.Mode=IN4
PA4.Signal=ADC_IN4
PA5.GPIOParameters=GPIO_Label
PA5.GPIO_Label=THERM2
PA5.Mode=IN5
PA5.Signal=ADC_IN5
PA6.GPIOParameters=GPIO_Label
PA6.GPIO_Label=REF_1p25
PA6.Locked=true
PA6.Mode=IN6
PA6.Signal=ADC_IN6
PA7.GPIOParameters=GPIO_Label
PA7.GPIO_Label=I_SENSE
PA7.Locked=true
PA7.Mode=IN7
PA7.Signal=ADC_IN7
PA8.GPIOParameters=GPIO_Label
PA8.GPIO_Label=ROW0
PA8.Locked=true
PA8.Signal=GPIO_Output
PA9.GPIOParameters=GPIO_Label
PA9.GPIO_Label=uSD_DETECT
PA9.Locked=true
PA9.Signal=GPIO_Input
PB0.GPIOParameters=GPIO_Label
PB0.GPIO_Label=NET_2p5
PB0.Locked=true
PB0.Mode=IN8
PB0.Signal=ADC_IN8
PB1.GPIOParameters=GPIO_Speed,GPIO_PuPd
PB1.GPIO_PuPd=GPIO_PULLDOWN
PB1.GPIO_Speed=GPIO_SPEED_FREQ_HIGH
PB1.Locked=true
PB1.Signal=S_TIM3_CH4
PB10.GPIOParameters=GPIO_Label
PB10.GPIO_Label=ROW3
PB10.Locked=true
PB10.Signal=GPIO_Output
PB11.GPIOParameters=GPIO_Label
PB11.GPIO_Label=COL0
PB11.Locked=true
PB11.Signal=GPIO_Output
PB12.GPIOParameters=GPIO_Speed,GPIO_PuPd,GPIO_Label
PB12.GPIO_Label=SPI1_CS0
PB12.GPIO_PuPd=GPIO_PULLUP
PB12.GPIO_Speed=GPIO_SPEED_FREQ_HIGH
PB12.Locked=true
PB12.Signal=GPIO_Output
PB13.GPIOParameters=GPIO_PuPd
PB13.GPIO_PuPd=GPIO_PULLUP
PB13.Mode=Full_Duplex_Master
PB13.Signal=SPI2_SCK
PB14.GPIOParameters=GPIO_PuPd
PB14.GPIO_PuPd=GPIO_PULLUP
PB14.Mode=Full_Duplex_Master
PB14.Signal=SPI2_MISO
PB15.GPIOParameters=GPIO_PuPd
PB15.GPIO_PuPd=GPIO_PULLUP
PB15.Mode=Full_Duplex_Master
PB15.Signal=SPI2_MOSI
PB2.GPIOParameters=GPIO_Label
PB2.GPIO_Label=ROW2
PB2.Locked=true
PB2.Signal=GPIO_Output
PB3.GPIOParameters=PinState,GPIO_Label
PB3.GPIO_Label=LED1
PB3.Locked=true
PB3.PinState=GPIO_PIN_RESET
PB3.Signal=GPIO_Output
PB4.GPIOParameters=PinState,GPIO_Label
PB4.GPIO_Label=LED2
PB4.Locked=true
PB4.PinState=GPIO_PIN_RESET
PB4.Signal=GPIO_Output
PB5.GPIOParameters=GPIO_Label
PB5.GPIO_Label=ROW1
PB5.Locked=true
PB5.Signal=GPIO_Output
PB6.Locked=true
PB6.Mode=Asynchronous
PB6.Signal=USART1_TX
PB7.Locked=true
PB7.Mode=Asynchronous
PB7.Signal=USART1_RX
PB8.Mode=I2C
PB8.Signal=I2C1_SCL
PB9.Mode=I2C
PB9.Signal=I2C1_SDA
PC13.GPIOParameters=GPIO_Label,GPIO_ModeDefaultEXTI
PC13.GPIO_Label=BTN0
PC13.GPIO_ModeDefaultEXTI=GPIO_MODE_IT_RISING_FALLING
PC13.Locked=true
PC13.Signal=GPXTI13
PC14OSC32_IN.GPIOParameters=GPIO_Label,GPIO_ModeDefaultEXTI
PC14OSC32_IN.GPIO_Label=BTN1
PC14OSC32_IN.GPIO_ModeDefaultEXTI=GPIO_MODE_IT_RISING_FALLING
PC14OSC32_IN.Locked=true
PC14OSC32_IN.Signal=GPXTI14
PC15OSC32_OUT.GPIOParameters=GPIO_Label,GPIO_ModeDefaultEXTI
PC15OSC32_OUT.GPIO_Label=BTN2
PC15OSC32_OUT.GPIO_ModeDefaultEXTI=GPIO_MODE_IT_RISING_FALLING
PC15OSC32_OUT.Locked=true
PC15OSC32_OUT.Signal=GPXTI15
PF0-OSC_IN.Mode=HSE-External-Oscillator
PF0-OSC_IN.Signal=RCC_OSC_IN
PF1-OSC_OUT.Mode=HSE-External-Oscillator
PF1-OSC_OUT.Signal=RCC_OSC_OUT
PinOutPanel.RotationAngle=0
ProjectManager.AskForMigrate=true
ProjectManager.BackupPrevious=false
ProjectManager.CompilerOptimize=6
ProjectManager.ComputerToolchain=false
ProjectManager.CoupleFile=false
ProjectManager.CustomerFirmwarePackage=
ProjectManager.DefaultFWLocation=true
ProjectManager.DeletePrevious=true
ProjectManager.DeviceId=STM32F030CCTx
ProjectManager.FirmwarePackage=STM32Cube FW_F0 V1.11.5
ProjectManager.FreePins=false
ProjectManager.HalAssertFull=false
ProjectManager.HeapSize=0x200
ProjectManager.KeepUserCode=true
ProjectManager.LastFirmware=true
ProjectManager.LibraryCopy=1
ProjectManager.MainLocation=Core/Src
ProjectManager.NoMain=false
ProjectManager.PreviousToolchain=STM32CubeIDE
ProjectManager.ProjectBuild=false
ProjectManager.ProjectFileName=flux-finder-v1.ioc
ProjectManager.ProjectName=flux-finder-v1
ProjectManager.ProjectStructure=
ProjectManager.RegisterCallBack=
ProjectManager.StackSize=0x400
ProjectManager.TargetToolchain=CMake
ProjectManager.ToolChainLocation=
ProjectManager.UAScriptAfterPath=
ProjectManager.UAScriptBeforePath=
ProjectManager.UnderRoot=false
ProjectManager.functionlistsort=1-SystemClock_Config-RCC-false-HAL-false,2-MX_GPIO_Init-GPIO-false-HAL-true,3-MX_DMA_Init-DMA-false-HAL-true,4-MX_USART1_UART_Init-USART1-false-HAL-true,5-MX_FATFS_Init-FATFS-false-HAL-false,6-MX_SPI2_Init-SPI2-false-HAL-true,7-MX_I2C1_Init-I2C1-false-HAL-true,8-MX_ADC_Init-ADC-false-HAL-true,9-MX_TIM3_Init-TIM3-false-HAL-true,10-MX_TIM6_Init-TIM6-false-HAL-true,11-MX_TIM7_Init-TIM7-false-HAL-true
RCC.AHBFreq_Value=48000000
RCC.APB1Freq_Value=48000000
RCC.APB1TimFreq_Value=48000000
RCC.FCLKCortexFreq_Value=48000000
RCC.FLatency=FLASH_LATENCY_1
RCC.FamilyName=M
RCC.HCLKFreq_Value=48000000
RCC.IPParameters=AHBFreq_Value,APB1Freq_Value,APB1TimFreq_Value,FCLKCortexFreq_Value,FLatency,FamilyName,HCLKFreq_Value,MCOFreq_Value,PLLCLKFreq_Value,PLLMCOFreq_Value,PLLMUL,SYSCLKFreq_VALUE,SYSCLKSource,TimSysFreq_Value,USART1Freq_Value,VCOOutput2Freq_Value
RCC.MCOFreq_Value=48000000
RCC.PLLCLKFreq_Value=48000000
RCC.PLLMCOFreq_Value=48000000
RCC.PLLMUL=RCC_PLL_MUL6
RCC.SYSCLKFreq_VALUE=48000000
RCC.SYSCLKSource=RCC_SYSCLKSOURCE_PLLCLK
RCC.TimSysFreq_Value=48000000
RCC.USART1Freq_Value=48000000
RCC.VCOOutput2Freq_Value=8000000
SH.GPXTI13.0=GPIO_EXTI13
SH.GPXTI13.ConfNb=1
SH.GPXTI14.0=GPIO_EXTI14
SH.GPXTI14.ConfNb=1
SH.GPXTI15.0=GPIO_EXTI15
SH.GPXTI15.ConfNb=1
SH.S_TIM3_CH4.0=TIM3_CH4,Output Compare4 CH4
SH.S_TIM3_CH4.ConfNb=1
SPI2.BaudRatePrescaler=SPI_BAUDRATEPRESCALER_128
SPI2.CLKPhase=SPI_PHASE_1EDGE
SPI2.CLKPolarity=SPI_POLARITY_LOW
SPI2.CRCCalculation=SPI_CRCCALCULATION_DISABLE
SPI2.CalculateBaudRate=375.0 KBits/s
SPI2.DataSize=SPI_DATASIZE_8BIT
SPI2.Direction=SPI_DIRECTION_2LINES
SPI2.FirstBit=SPI_FIRSTBIT_MSB
SPI2.IPParameters=TIMode,DataSize,FirstBit,BaudRatePrescaler,CLKPolarity,CLKPhase,CRCCalculation,NSSPMode,NSS,VirtualType,Mode,Direction,CalculateBaudRate
SPI2.Mode=SPI_MODE_MASTER
SPI2.NSS=SPI_NSS_SOFT
SPI2.NSSPMode=SPI_NSS_PULSE_ENABLE
SPI2.TIMode=SPI_TIMODE_DISABLE
SPI2.VirtualType=VM_MASTER
TIM3.AutoReloadPreload=TIM_AUTORELOAD_PRELOAD_DISABLE
TIM3.Channel-Output\ Compare4\ CH4=TIM_CHANNEL_4
TIM3.ClockDivision=TIM_CLOCKDIVISION_DIV1
TIM3.CounterMode=TIM_COUNTERMODE_UP
TIM3.IPParameters=Prescaler,CounterMode,Period,ClockDivision,AutoReloadPreload,TIM_MasterSlaveMode,TIM_MasterOutputTrigger,OCMode_4,Pulse-Output Compare4 CH4,OC4Preload,OCPolarity_4,Channel-Output Compare4 CH4
TIM3.OC4Preload=DISABLE
TIM3.OCMode_4=TIM_OCMODE_TOGGLE
TIM3.OCPolarity_4=TIM_OCPOLARITY_LOW
TIM3.Period=65535
TIM3.Prescaler=0
TIM3.Pulse-Output\ Compare4\ CH4=0
TIM3.TIM_MasterOutputTrigger=TIM_TRGO_RESET
TIM3.TIM_MasterSlaveMode=TIM_MASTERSLAVEMODE_DISABLE
TIM6.AutoReloadPreload=TIM_AUTORELOAD_PRELOAD_ENABLE
TIM6.CounterMode=TIM_COUNTERMODE_UP
TIM6.IPParameters=Prescaler,CounterMode,Period,AutoReloadPreload
TIM6.Period=48
TIM6.Prescaler=1000
TIM7.AutoReloadPreload=TIM_AUTORELOAD_PRELOAD_ENABLE
TIM7.CounterMode=TIM_COUNTERMODE_UP
TIM7.IPParameters=Prescaler,CounterMode,Period,AutoReloadPreload
TIM7.Period=48
TIM7.Prescaler=1000
USART1.AutoBaudRateEnableParam=UART_ADVFEATURE_AUTOBAUDRATE_DISABLE
USART1.BaudRate=38400
USART1.DMADisableonRxErrorParam=ADVFEATURE_DMA_ENABLEONRXERROR
USART1.DataInvertParam=ADVFEATURE_DATAINV_DISABLE
USART1.IPParameters=BaudRate,WordLength,Parity,StopBits,Mode,OverSampling,OneBitSampling,AutoBaudRateEnableParam,TxPinLevelInvertParam,RxPinLevelInvertParam,DataInvertParam,SwapParam,OverrunDisableParam,DMADisableonRxErrorParam,MSBFirstParam,VirtualMode-Asynchronous
USART1.MSBFirstParam=ADVFEATURE_MSBFIRST_DISABLE
USART1.Mode=MODE_TX_RX
USART1.OneBitSampling=UART_ONE_BIT_SAMPLE_DISABLE
USART1.OverSampling=UART_OVERSAMPLING_16
USART1.OverrunDisableParam=ADVFEATURE_OVERRUN_ENABLE
USART1.Parity=PARITY_NONE
USART1.RxPinLevelInvertParam=ADVFEATURE_RXINV_DISABLE
USART1.StopBits=STOPBITS_1
USART1.SwapParam=ADVFEATURE_SWAP_DISABLE
USART1.TxPinLevelInvertParam=ADVFEATURE_TXINV_DISABLE
USART1.VirtualMode-Asynchronous=VM_ASYNC
USART1.WordLength=WORDLENGTH_8B
VP_FATFS_VS_Generic.Mode=User_defined
VP_FATFS_VS_Generic.Signal=FATFS_VS_Generic
VP_SYS_VS_Systick.Mode=SysTick
VP_SYS_VS_Systick.Signal=SYS_VS_Systick
VP_TIM3_VS_ClockSourceINT.Mode=Internal
VP_TIM3_VS_ClockSourceINT.Signal=TIM3_VS_ClockSourceINT
VP_TIM6_VS_ClockSourceINT.Mode=Enable_Timer
VP_TIM6_VS_ClockSourceINT.Signal=TIM6_VS_ClockSourceINT
VP_TIM7_VS_ClockSourceINT.Mode=Enable_Timer
VP_TIM7_VS_ClockSourceINT.Signal=TIM7_VS_ClockSourceINT
board=custom
